
Microsoft Visual Studio Solution File, Format Version 12.00
# Visual Studio Version 17
VisualStudioVersion = 17.6.33815.320
MinimumVisualStudioVersion = 10.0.40219.1
Project("{FAE04EC0-301F-11D3-BF4B-00C04F79EFBC}") = "DAL", "DAL\DAL.csproj", "{1A1AE29B-9E27-415B-A963-6C28E733275B}"
EndProject
Project("{FAE04EC0-301F-11D3-BF4B-00C04F79EFBC}") = "BLL", "BLL\BLL.csproj", "{30DC91B8-45E5-47F1-A703-F9442E0D6650}"
EndProject
Project("{FAE04EC0-301F-11D3-BF4B-00C04F79EFBC}") = "DTO", "DTO\DTO.csproj", "{B135A939-9512-4597-A850-E9A03B30EDAE}"
EndProject
Project("{FAE04EC0-301F-11D3-BF4B-00C04F79EFBC}") = "API", "API\API.csproj", "{3D556865-FC6C-43ED-8559-743C4D6FB442}"
EndProject
Project("{FAE04EC0-301F-11D3-BF4B-00C04F79EFBC}") = "GUI", "GUI\GUI.csproj", "{BA05FA1A-6DBA-4126-9E89-B6B70A7521A2}"
EndProject
Global
	GlobalSection(SolutionConfigurationPlatforms) = preSolution
		Debug|Any CPU = Debug|Any CPU
		Release|Any CPU = Release|Any CPU
	EndGlobalSection
	GlobalSection(ProjectConfigurationPlatforms) = postSolution
		{1A1AE29B-9E27-415B-A963-6C28E733275B}.Debug|Any CPU.ActiveCfg = Debug|Any CPU
		{1A1AE29B-9E27-415B-A963-6C28E733275B}.Debug|Any CPU.Build.0 = Debug|Any CPU
		{1A1AE29B-9E27-415B-A963-6C28E733275B}.Release|Any CPU.ActiveCfg = Release|Any CPU
		{1A1AE29B-9E27-415B-A963-6C28E733275B}.Release|Any CPU.Build.0 = Release|Any CPU
		{30DC91B8-45E5-47F1-A703-F9442E0D6650}.Debug|Any CPU.ActiveCfg = Debug|Any CPU
		{30DC91B8-45E5-47F1-A703-F9442E0D6650}.Debug|Any CPU.Build.0 = Debug|Any CPU
		{30DC91B8-45E5-47F1-A703-F9442E0D6650}.Release|Any CPU.ActiveCfg = Release|Any CPU
		{30DC91B8-45E5-47F1-A703-F9442E0D6650}.Release|Any CPU.Build.0 = Release|Any CPU
		{B135A939-9512-4597-A850-E9A03B30EDAE}.Debug|Any CPU.ActiveCfg = Debug|Any CPU
		{B135A939-9512-4597-A850-E9A03B30EDAE}.Debug|Any CPU.Build.0 = Debug|Any CPU
		{B135A939-9512-4597-A850-E9A03B30EDAE}.Release|Any CPU.ActiveCfg = Release|Any CPU
		{B135A939-9512-4597-A850-E9A03B30EDAE}.Release|Any CPU.Build.0 = Release|Any CPU
		{3D556865-FC6C-43ED-8559-743C4D6FB442}.Debug|Any CPU.ActiveCfg = Debug|Any CPU
		{3D556865-FC6C-43ED-8559-743C4D6FB442}.Debug|Any CPU.Build.0 = Debug|Any CPU
		{3D556865-FC6C-43ED-8559-743C4D6FB442}.Release|Any CPU.ActiveCfg = Release|Any CPU
		{3D556865-FC6C-43ED-8559-743C4D6FB442}.Release|Any CPU.Build.0 = Release|Any CPU
		{BA05FA1A-6DBA-4126-9E89-B6B70A7521A2}.Debug|Any CPU.ActiveCfg = Debug|Any CPU
		{BA05FA1A-6DBA-4126-9E89-B6B70A7521A2}.Debug|Any CPU.Build.0 = Debug|Any CPU
		{BA05FA1A-6DBA-4126-9E89-B6B70A7521A2}.Release|Any CPU.ActiveCfg = Release|Any CPU
		{BA05FA1A-6DBA-4126-9E89-B6B70A7521A2}.Release|Any CPU.Build.0 = Release|Any CPU
	EndGlobalSection
	GlobalSection(SolutionProperties) = preSolution
		HideSolutionNode = FALSE
	EndGlobalSection
	GlobalSection(ExtensibilityGlobals) = postSolution
		SolutionGuid = {2A65C126-9AC4-427E-BE6C-872DD835BB6F}
	EndGlobalSection
EndGlobal
